
Microsoft Visual Studio Solution File, Format Version 12.00
Project("{FAE04EC0-301F-11D3-BF4B-00C04F79EFBC}") = "SympliSeoSearch.UnitTests", "SympliSeoSearch.UnitTests\SympliSeoSearch.UnitTests.csproj", "{64F934AC-38B5-4F4C-9E0B-E384CCD3A9B0}"
EndProject
Project("{FAE04EC0-301F-11D3-BF4B-00C04F79EFBC}") = "SimpliSeoSearch.Core", "SimpliSeoSearch.Core\SimpliSeoSearch.Core.csproj", "{6BB5122D-A83D-4E81-AB51-93099DFD741A}"
EndProject
Project("{FAE04EC0-301F-11D3-BF4B-00C04F79EFBC}") = "SimpliSeoSearch.API", "SimpliSeoSearch.API\SimpliSeoSearch.API.csproj", "{61B99DF1-0D6C-4E7F-AD99-D12A2A53BD54}"
EndProject
Project("{FAE04EC0-301F-11D3-BF4B-00C04F79EFBC}") = "SimpliSeoSearch.BlazorApp", "SimpliSeoSearch.BlazorApp\SimpliSeoSearch.BlazorApp.csproj", "{71889144-9E24-42DE-806C-BA5543B753F8}"
EndProject
Global
	GlobalSection(SolutionConfigurationPlatforms) = preSolution
		Debug|Any CPU = Debug|Any CPU
		Release|Any CPU = Release|Any CPU
	EndGlobalSection
	GlobalSection(ProjectConfigurationPlatforms) = postSolution
		{64F934AC-38B5-4F4C-9E0B-E384CCD3A9B0}.Debug|Any CPU.ActiveCfg = Debug|Any CPU
		{64F934AC-38B5-4F4C-9E0B-E384CCD3A9B0}.Debug|Any CPU.Build.0 = Debug|Any CPU
		{64F934AC-38B5-4F4C-9E0B-E384CCD3A9B0}.Release|Any CPU.ActiveCfg = Release|Any CPU
		{64F934AC-38B5-4F4C-9E0B-E384CCD3A9B0}.Release|Any CPU.Build.0 = Release|Any CPU
		{6BB5122D-A83D-4E81-AB51-93099DFD741A}.Debug|Any CPU.ActiveCfg = Debug|Any CPU
		{6BB5122D-A83D-4E81-AB51-93099DFD741A}.Debug|Any CPU.Build.0 = Debug|Any CPU
		{6BB5122D-A83D-4E81-AB51-93099DFD741A}.Release|Any CPU.ActiveCfg = Release|Any CPU
		{6BB5122D-A83D-4E81-AB51-93099DFD741A}.Release|Any CPU.Build.0 = Release|Any CPU
		{61B99DF1-0D6C-4E7F-AD99-D12A2A53BD54}.Debug|Any CPU.ActiveCfg = Debug|Any CPU
		{61B99DF1-0D6C-4E7F-AD99-D12A2A53BD54}.Debug|Any CPU.Build.0 = Debug|Any CPU
		{61B99DF1-0D6C-4E7F-AD99-D12A2A53BD54}.Release|Any CPU.ActiveCfg = Release|Any CPU
		{61B99DF1-0D6C-4E7F-AD99-D12A2A53BD54}.Release|Any CPU.Build.0 = Release|Any CPU
		{71889144-9E24-42DE-806C-BA5543B753F8}.Debug|Any CPU.ActiveCfg = Debug|Any CPU
		{71889144-9E24-42DE-806C-BA5543B753F8}.Debug|Any CPU.Build.0 = Debug|Any CPU
		{71889144-9E24-42DE-806C-BA5543B753F8}.Release|Any CPU.ActiveCfg = Release|Any CPU
		{71889144-9E24-42DE-806C-BA5543B753F8}.Release|Any CPU.Build.0 = Release|Any CPU
	EndGlobalSection
EndGlobal
